# This file is automatically @generated by Cargo.
# It is not intended for manual editing.
version = 4

[[package]]
name = "absolute"
version = "0.1.0"

[[package]]
name = "fretboard"
version = "0.1.0"
dependencies = [
 "absolute",
 "relative",
]

[[package]]
name = "relative"
version = "0.1.0"
dependencies = [
 "absolute",
]
